
Microsoft Visual Studio Solution File, Format Version 12.00
# Visual Studio Version 16
VisualStudioVersion = 16.0.30204.135
MinimumVisualStudioVersion = 10.0.40219.1
Project("{FAE04EC0-301F-11D3-BF4B-00C04F79EFBC}") = "DesignPattern", "DesignPattern\DesignPattern.csproj", "{581F67B6-7B00-4415-ADF7-DE7D5AA73F29}"
EndProject
Global
	GlobalSection(SolutionConfigurationPlatforms) = preSolution
		Debug|Any CPU = Debug|Any CPU
		Release|Any CPU = Release|Any CPU
	EndGlobalSection
	GlobalSection(ProjectConfigurationPlatforms) = postSolution
		{581F67B6-7B00-4415-ADF7-DE7D5AA73F29}.Debug|Any CPU.ActiveCfg = Debug|Any CPU
		{581F67B6-7B00-4415-ADF7-DE7D5AA73F29}.Debug|Any CPU.Build.0 = Debug|Any CPU
		{581F67B6-7B00-4415-ADF7-DE7D5AA73F29}.Release|Any CPU.ActiveCfg = Release|Any CPU
		{581F67B6-7B00-4415-ADF7-DE7D5AA73F29}.Release|Any CPU.Build.0 = Release|Any CPU
	EndGlobalSection
	GlobalSection(SolutionProperties) = preSolution
		HideSolutionNode = FALSE
	EndGlobalSection
	GlobalSection(ExtensibilityGlobals) = postSolution
		SolutionGuid = {4C61153C-A7D6-486C-B673-75A1FCA263BC}
	EndGlobalSection
EndGlobal
